
Microsoft Visual Studio Solution File, Format Version 12.00
# Visual Studio Version 16
VisualStudioVersion = 16.0.31624.102
MinimumVisualStudioVersion = 10.0.40219.1
Project("{FAE04EC0-301F-11D3-BF4B-00C04F79EFBC}") = "TestTask", "TestTask\TestTask.csproj", "{75294F27-FE08-44B3-8C20-8308E02E3FE5}"
EndProject
Global
	GlobalSection(SolutionConfigurationPlatforms) = preSolution
		Debug|Any CPU = Debug|Any CPU
		Release|Any CPU = Release|Any CPU
	EndGlobalSection
	GlobalSection(ProjectConfigurationPlatforms) = postSolution
		{75294F27-FE08-44B3-8C20-8308E02E3FE5}.Debug|Any CPU.ActiveCfg = Debug|Any CPU
		{75294F27-FE08-44B3-8C20-8308E02E3FE5}.Debug|Any CPU.Build.0 = Debug|Any CPU
		{75294F27-FE08-44B3-8C20-8308E02E3FE5}.Release|Any CPU.ActiveCfg = Release|Any CPU
		{75294F27-FE08-44B3-8C20-8308E02E3FE5}.Release|Any CPU.Build.0 = Release|Any CPU
	EndGlobalSection
	GlobalSection(SolutionProperties) = preSolution
		HideSolutionNode = FALSE
	EndGlobalSection
	GlobalSection(ExtensibilityGlobals) = postSolution
		SolutionGuid = {EDFD41F0-F81A-49D7-A173-2098CC9E0E5D}
	EndGlobalSection
EndGlobal
